// !$*UTF8*$!
{
	archiveVersion = 1;
	classes = {
	};
	objectVersion = 56;
	objects = {

/* Begin PBXBuildFile section */
		7D1B829529E15907004AAD62 /* TestsView.swift in Sources */ = {isa = PBXBuildFile; fileRef = 7D1B829429E15907004AAD62 /* TestsView.swift */; };
		7D1B829A29E163C4004AAD62 /* UsersModalView.swift in Sources */ = {isa = PBXBuildFile; fileRef = 7D1B829929E163C4004AAD62 /* UsersModalView.swift */; };
		7D42027B29E096A700827B11 /* Users.swift in Sources */ = {isa = PBXBuildFile; fileRef = 7D42027A29E096A700827B11 /* Users.swift */; };
		7D42027D29E0979300827B11 /* UsersModelData.swift in Sources */ = {isa = PBXBuildFile; fileRef = 7D42027C29E0979300827B11 /* UsersModelData.swift */; };
		7D42027F29E0984000827B11 /* UsersListView.swift in Sources */ = {isa = PBXBuildFile; fileRef = 7D42027E29E0984000827B11 /* UsersListView.swift */; };
		7D42028129E09A6300827B11 /* UsersListRow.swift in Sources */ = {isa = PBXBuildFile; fileRef = 7D42028029E09A6300827B11 /* UsersListRow.swift */; };
		7D71C4A729E19B3900453E18 /* DomainServer.swift in Sources */ = {isa = PBXBuildFile; fileRef = 7D71C4A629E19B3900453E18 /* DomainServer.swift */; };
		7D71C4A929E19B8300453E18 /* domainServersData.json in Resources */ = {isa = PBXBuildFile; fileRef = 7D71C4A829E19B8300453E18 /* domainServersData.json */; };
		7D71C4AB29E19CEE00453E18 /* DomainServerModelData.swift in Sources */ = {isa = PBXBuildFile; fileRef = 7D71C4AA29E19CEE00453E18 /* DomainServerModelData.swift */; };
		7D71C4AE29E19D7500453E18 /* DomainServersListView.swift in Sources */ = {isa = PBXBuildFile; fileRef = 7D71C4AD29E19D7500453E18 /* DomainServersListView.swift */; };
		7D71C4B029E1A47900453E18 /* usersData.json in Resources */ = {isa = PBXBuildFile; fileRef = 7D71C4AF29E1A47900453E18 /* usersData.json */; };
		7DCE490B29DE021400A38EC9 /* ConsoleControlApp.swift in Sources */ = {isa = PBXBuildFile; fileRef = 7DCE490A29DE021400A38EC9 /* ConsoleControlApp.swift */; };
		7DCE490D29DE021400A38EC9 /* ContentView.swift in Sources */ = {isa = PBXBuildFile; fileRef = 7DCE490C29DE021400A38EC9 /* ContentView.swift */; };
		7DCE490F29DE021500A38EC9 /* Assets.xcassets in Resources */ = {isa = PBXBuildFile; fileRef = 7DCE490E29DE021500A38EC9 /* Assets.xcassets */; };
		7DCE491229DE021500A38EC9 /* Preview Assets.xcassets in Resources */ = {isa = PBXBuildFile; fileRef = 7DCE491129DE021500A38EC9 /* Preview Assets.xcassets */; };
		7DCE5ACF29E0A65500459971 /* UsersDetailView.swift in Sources */ = {isa = PBXBuildFile; fileRef = 7DCE5ACE29E0A65500459971 /* UsersDetailView.swift */; };
/* End PBXBuildFile section */

/* Begin PBXFileReference section */
		7D1B829429E15907004AAD62 /* TestsView.swift */ = {isa = PBXFileReference; lastKnownFileType = sourcecode.swift; path = TestsView.swift; sourceTree = "<group>"; };
		7D1B829929E163C4004AAD62 /* UsersModalView.swift */ = {isa = PBXFileReference; lastKnownFileType = sourcecode.swift; path = UsersModalView.swift; sourceTree = "<group>"; };
		7D42027A29E096A700827B11 /* Users.swift */ = {isa = PBXFileReference; lastKnownFileType = sourcecode.swift; path = Users.swift; sourceTree = "<group>"; };
		7D42027C29E0979300827B11 /* UsersModelData.swift */ = {isa = PBXFileReference; lastKnownFileType = sourcecode.swift; path = UsersModelData.swift; sourceTree = "<group>"; };
		7D42027E29E0984000827B11 /* UsersListView.swift */ = {isa = PBXFileReference; lastKnownFileType = sourcecode.swift; path = UsersListView.swift; sourceTree = "<group>"; };
		7D42028029E09A6300827B11 /* UsersListRow.swift */ = {isa = PBXFileReference; lastKnownFileType = sourcecode.swift; path = UsersListRow.swift; sourceTree = "<group>"; };
		7D71C4A629E19B3900453E18 /* DomainServer.swift */ = {isa = PBXFileReference; lastKnownFileType = sourcecode.swift; path = DomainServer.swift; sourceTree = "<group>"; };
		7D71C4A829E19B8300453E18 /* domainServersData.json */ = {isa = PBXFileReference; fileEncoding = 4; lastKnownFileType = text.json; path = domainServersData.json; sourceTree = "<group>"; };
		7D71C4AA29E19CEE00453E18 /* DomainServerModelData.swift */ = {isa = PBXFileReference; lastKnownFileType = sourcecode.swift; path = DomainServerModelData.swift; sourceTree = "<group>"; };
		7D71C4AD29E19D7500453E18 /* DomainServersListView.swift */ = {isa = PBXFileReference; lastKnownFileType = sourcecode.swift; path = DomainServersListView.swift; sourceTree = "<group>"; };
		7D71C4AF29E1A47900453E18 /* usersData.json */ = {isa = PBXFileReference; fileEncoding = 4; lastKnownFileType = text.json; path = usersData.json; sourceTree = "<group>"; };
		7DCE490729DE021400A38EC9 /* ConsoleControl.app */ = {isa = PBXFileReference; explicitFileType = wrapper.application; includeInIndex = 0; path = ConsoleControl.app; sourceTree = BUILT_PRODUCTS_DIR; };
		7DCE490A29DE021400A38EC9 /* ConsoleControlApp.swift */ = {isa = PBXFileReference; lastKnownFileType = sourcecode.swift; path = ConsoleControlApp.swift; sourceTree = "<group>"; };
		7DCE490C29DE021400A38EC9 /* ContentView.swift */ = {isa = PBXFileReference; lastKnownFileType = sourcecode.swift; path = ContentView.swift; sourceTree = "<group>"; };
		7DCE490E29DE021500A38EC9 /* Assets.xcassets */ = {isa = PBXFileReference; lastKnownFileType = folder.assetcatalog; path = Assets.xcassets; sourceTree = "<group>"; };
		7DCE491129DE021500A38EC9 /* Preview Assets.xcassets */ = {isa = PBXFileReference; lastKnownFileType = folder.assetcatalog; path = "Preview Assets.xcassets"; sourceTree = "<group>"; };
		7DCE5ACE29E0A65500459971 /* UsersDetailView.swift */ = {isa = PBXFileReference; lastKnownFileType = sourcecode.swift; path = UsersDetailView.swift; sourceTree = "<group>"; };
/* End PBXFileReference section */

/* Begin PBXFrameworksBuildPhase section */
		7DCE490429DE021400A38EC9 /* Frameworks */ = {
			isa = PBXFrameworksBuildPhase;
			buildActionMask = 2147483647;
			files = (
			);
			runOnlyForDeploymentPostprocessing = 0;
		};
/* End PBXFrameworksBuildPhase section */

/* Begin PBXGroup section */
		7D1B829629E15C10004AAD62 /* Users */ = {
			isa = PBXGroup;
			children = (
				7D42028029E09A6300827B11 /* UsersListRow.swift */,
				7D42027E29E0984000827B11 /* UsersListView.swift */,
				7DCE5ACE29E0A65500459971 /* UsersDetailView.swift */,
				7D1B829929E163C4004AAD62 /* UsersModalView.swift */,
			);
			path = Users;
			sourceTree = "<group>";
		};
		7D1B829729E15C95004AAD62 /* Models */ = {
			isa = PBXGroup;
			children = (
				7D71C4A529E19B2B00453E18 /* DomainServers */,
				7D1B829829E15C9E004AAD62 /* Users */,
			);
			path = Models;
			sourceTree = "<group>";
		};
		7D1B829829E15C9E004AAD62 /* Users */ = {
			isa = PBXGroup;
			children = (
				7D42027A29E096A700827B11 /* Users.swift */,
				7D42027C29E0979300827B11 /* UsersModelData.swift */,
			);
			path = Users;
			sourceTree = "<group>";
		};
		7D42027529E0948000827B11 /* Views */ = {
			isa = PBXGroup;
			children = (
				7D71C4AC29E19D5F00453E18 /* DomainServers */,
				7D1B829629E15C10004AAD62 /* Users */,
				7DCE490C29DE021400A38EC9 /* ContentView.swift */,
				7D1B829429E15907004AAD62 /* TestsView.swift */,
			);
			path = Views;
			sourceTree = "<group>";
		};
		7D71C4A529E19B2B00453E18 /* DomainServers */ = {
			isa = PBXGroup;
			children = (
				7D71C4A629E19B3900453E18 /* DomainServer.swift */,
				7D71C4AA29E19CEE00453E18 /* DomainServerModelData.swift */,
			);
			path = DomainServers;
			sourceTree = "<group>";
		};
		7D71C4AC29E19D5F00453E18 /* DomainServers */ = {
			isa = PBXGroup;
			children = (
				7D71C4AD29E19D7500453E18 /* DomainServersListView.swift */,
			);
			path = DomainServers;
			sourceTree = "<group>";
		};
		7DCE48FE29DE021400A38EC9 = {
			isa = PBXGroup;
			children = (
				7DCE490929DE021400A38EC9 /* ConsoleControl */,
				7DCE490829DE021400A38EC9 /* Products */,
			);
			sourceTree = "<group>";
		};
		7DCE490829DE021400A38EC9 /* Products */ = {
			isa = PBXGroup;
			children = (
				7DCE490729DE021400A38EC9 /* ConsoleControl.app */,
			);
			name = Products;
			sourceTree = "<group>";
		};
		7DCE490929DE021400A38EC9 /* ConsoleControl */ = {
			isa = PBXGroup;
			children = (
				7D71C4A829E19B8300453E18 /* domainServersData.json */,
				7D71C4AF29E1A47900453E18 /* usersData.json */,
				7DCE490A29DE021400A38EC9 /* ConsoleControlApp.swift */,
				7D42027529E0948000827B11 /* Views */,
				7DCE490E29DE021500A38EC9 /* Assets.xcassets */,
				7DCE491029DE021500A38EC9 /* Preview Content */,
				7D1B829729E15C95004AAD62 /* Models */,
			);
			path = ConsoleControl;
			sourceTree = "<group>";
		};
		7DCE491029DE021500A38EC9 /* Preview Content */ = {
			isa = PBXGroup;
			children = (
				7DCE491129DE021500A38EC9 /* Preview Assets.xcassets */,
			);
			path = "Preview Content";
			sourceTree = "<group>";
		};
/* End PBXGroup section */

/* Begin PBXNativeTarget section */
		7DCE490629DE021400A38EC9 /* ConsoleControl */ = {
			isa = PBXNativeTarget;
			buildConfigurationList = 7DCE491529DE021500A38EC9 /* Build configuration list for PBXNativeTarget "ConsoleControl" */;
			buildPhases = (
				7DCE490329DE021400A38EC9 /* Sources */,
				7DCE490429DE021400A38EC9 /* Frameworks */,
				7DCE490529DE021400A38EC9 /* Resources */,
			);
			buildRules = (
			);
			dependencies = (
			);
			name = ConsoleControl;
			productName = ConsoleControl;
			productReference = 7DCE490729DE021400A38EC9 /* ConsoleControl.app */;
			productType = "com.apple.product-type.application";
		};
/* End PBXNativeTarget section */

/* Begin PBXProject section */
		7DCE48FF29DE021400A38EC9 /* Project object */ = {
			isa = PBXProject;
			attributes = {
				BuildIndependentTargetsInParallel = 1;
				LastSwiftUpdateCheck = 1430;
				LastUpgradeCheck = 1430;
				TargetAttributes = {
					7DCE490629DE021400A38EC9 = {
						CreatedOnToolsVersion = 14.3;
					};
				};
			};
			buildConfigurationList = 7DCE490229DE021400A38EC9 /* Build configuration list for PBXProject "ConsoleControl" */;
			compatibilityVersion = "Xcode 14.0";
			developmentRegion = en;
			hasScannedForEncodings = 0;
			knownRegions = (
				en,
				Base,
			);
			mainGroup = 7DCE48FE29DE021400A38EC9;
			productRefGroup = 7DCE490829DE021400A38EC9 /* Products */;
			projectDirPath = "";
			projectRoot = "";
			targets = (
				7DCE490629DE021400A38EC9 /* ConsoleControl */,
			);
		};
/* End PBXProject section */

/* Begin PBXResourcesBuildPhase section */
		7DCE490529DE021400A38EC9 /* Resources */ = {
			isa = PBXResourcesBuildPhase;
			buildActionMask = 2147483647;
			files = (
				7DCE491229DE021500A38EC9 /* Preview Assets.xcassets in Resources */,
				7D71C4A929E19B8300453E18 /* domainServersData.json in Resources */,
				7D71C4B029E1A47900453E18 /* usersData.json in Resources */,
				7DCE490F29DE021500A38EC9 /* Assets.xcassets in Resources */,
			);
			runOnlyForDeploymentPostprocessing = 0;
		};
/* End PBXResourcesBuildPhase section */

/* Begin PBXSourcesBuildPhase section */
		7DCE490329DE021400A38EC9 /* Sources */ = {
			isa = PBXSourcesBuildPhase;
			buildActionMask = 2147483647;
			files = (
				7D71C4A729E19B3900453E18 /* DomainServer.swift in Sources */,
				7D1B829A29E163C4004AAD62 /* UsersModalView.swift in Sources */,
				7D1B829529E15907004AAD62 /* TestsView.swift in Sources */,
				7D71C4AE29E19D7500453E18 /* DomainServersListView.swift in Sources */,
				7D42027B29E096A700827B11 /* Users.swift in Sources */,
				7DCE490D29DE021400A38EC9 /* ContentView.swift in Sources */,
				7D42027F29E0984000827B11 /* UsersListView.swift in Sources */,
				7DCE5ACF29E0A65500459971 /* UsersDetailView.swift in Sources */,
				7D42028129E09A6300827B11 /* UsersListRow.swift in Sources */,
				7D42027D29E0979300827B11 /* UsersModelData.swift in Sources */,
				7DCE490B29DE021400A38EC9 /* ConsoleControlApp.swift in Sources */,
				7D71C4AB29E19CEE00453E18 /* DomainServerModelData.swift in Sources */,
			);
			runOnlyForDeploymentPostprocessing = 0;
		};
/* End PBXSourcesBuildPhase section */

/* Begin XCBuildConfiguration section */
		7DCE491329DE021500A38EC9 /* Debug */ = {
			isa = XCBuildConfiguration;
			buildSettings = {
				ALWAYS_SEARCH_USER_PATHS = NO;
				CLANG_ANALYZER_NONNULL = YES;
				CLANG_ANALYZER_NUMBER_OBJECT_CONVERSION = YES_AGGRESSIVE;
				CLANG_CXX_LANGUAGE_STANDARD = "gnu++20";
				CLANG_ENABLE_MODULES = YES;
				CLANG_ENABLE_OBJC_ARC = YES;
				CLANG_ENABLE_OBJC_WEAK = YES;
				CLANG_WARN_BLOCK_CAPTURE_AUTORELEASING = YES;
				CLANG_WARN_BOOL_CONVERSION = YES;
				CLANG_WARN_COMMA = YES;
				CLANG_WARN_CONSTANT_CONVERSION = YES;
				CLANG_WARN_DEPRECATED_OBJC_IMPLEMENTATIONS = YES;
				CLANG_WARN_DIRECT_OBJC_ISA_USAGE = YES_ERROR;
				CLANG_WARN_DOCUMENTATION_COMMENTS = YES;
				CLANG_WARN_EMPTY_BODY = YES;
				CLANG_WARN_ENUM_CONVERSION = YES;
				CLANG_WARN_INFINITE_RECURSION = YES;
				CLANG_WARN_INT_CONVERSION = YES;
				CLANG_WARN_NON_LITERAL_NULL_CONVERSION = YES;
				CLANG_WARN_OBJC_IMPLICIT_RETAIN_SELF = YES;
				CLANG_WARN_OBJC_LITERAL_CONVERSION = YES;
				CLANG_WARN_OBJC_ROOT_CLASS = YES_ERROR;
				CLANG_WARN_QUOTED_INCLUDE_IN_FRAMEWORK_HEADER = YES;
				CLANG_WARN_RANGE_LOOP_ANALYSIS = YES;
				CLANG_WARN_STRICT_PROTOTYPES = YES;
				CLANG_WARN_SUSPICIOUS_MOVE = YES;
				CLANG_WARN_UNGUARDED_AVAILABILITY = YES_AGGRESSIVE;
				CLANG_WARN_UNREACHABLE_CODE = YES;
				CLANG_WARN__DUPLICATE_METHOD_MATCH = YES;
				COPY_PHASE_STRIP = NO;
				DEBUG_INFORMATION_FORMAT = dwarf;
				ENABLE_STRICT_OBJC_MSGSEND = YES;
				ENABLE_TESTABILITY = YES;
				GCC_C_LANGUAGE_STANDARD = gnu11;
				GCC_DYNAMIC_NO_PIC = NO;
				GCC_NO_COMMON_BLOCKS = YES;
				GCC_OPTIMIZATION_LEVEL = 0;
				GCC_PREPROCESSOR_DEFINITIONS = (
					"DEBUG=1",
					"$(inherited)",
				);
				GCC_WARN_64_TO_32_BIT_CONVERSION = YES;
				GCC_WARN_ABOUT_RETURN_TYPE = YES_ERROR;
				GCC_WARN_UNDECLARED_SELECTOR = YES;
				GCC_WARN_UNINITIALIZED_AUTOS = YES_AGGRESSIVE;
				GCC_WARN_UNUSED_FUNCTION = YES;
				GCC_WARN_UNUSED_VARIABLE = YES;
				IPHONEOS_DEPLOYMENT_TARGET = 16.4;
				MTL_ENABLE_DEBUG_INFO = INCLUDE_SOURCE;
				MTL_FAST_MATH = YES;
				ONLY_ACTIVE_ARCH = YES;
				SDKROOT = iphoneos;
				SWIFT_ACTIVE_COMPILATION_CONDITIONS = DEBUG;
				SWIFT_OPTIMIZATION_LEVEL = "-Onone";
			};
			name = Debug;
		};
		7DCE491429DE021500A38EC9 /* Release */ = {
			isa = XCBuildConfiguration;
			buildSettings = {
				ALWAYS_SEARCH_USER_PATHS = NO;
				CLANG_ANALYZER_NONNULL = YES;
				CLANG_ANALYZER_NUMBER_OBJECT_CONVERSION = YES_AGGRESSIVE;
				CLANG_CXX_LANGUAGE_STANDARD = "gnu++20";
				CLANG_ENABLE_MODULES = YES;
				CLANG_ENABLE_OBJC_ARC = YES;
				CLANG_ENABLE_OBJC_WEAK = YES;
				CLANG_WARN_BLOCK_CAPTURE_AUTORELEASING = YES;
				CLANG_WARN_BOOL_CONVERSION = YES;
				CLANG_WARN_COMMA = YES;
				CLANG_WARN_CONSTANT_CONVERSION = YES;
				CLANG_WARN_DEPRECATED_OBJC_IMPLEMENTATIONS = YES;
				CLANG_WARN_DIRECT_OBJC_ISA_USAGE = YES_ERROR;
				CLANG_WARN_DOCUMENTATION_COMMENTS = YES;
				CLANG_WARN_EMPTY_BODY = YES;
				CLANG_WARN_ENUM_CONVERSION = YES;
				CLANG_WARN_INFINITE_RECURSION = YES;
				CLANG_WARN_INT_CONVERSION = YES;
				CLANG_WARN_NON_LITERAL_NULL_CONVERSION = YES;
				CLANG_WARN_OBJC_IMPLICIT_RETAIN_SELF = YES;
				CLANG_WARN_OBJC_LITERAL_CONVERSION = YES;
				CLANG_WARN_OBJC_ROOT_CLASS = YES_ERROR;
				CLANG_WARN_QUOTED_INCLUDE_IN_FRAMEWORK_HEADER = YES;
				CLANG_WARN_RANGE_LOOP_ANALYSIS = YES;
				CLANG_WARN_STRICT_PROTOTYPES = YES;
				CLANG_WARN_SUSPICIOUS_MOVE = YES;
				CLANG_WARN_UNGUARDED_AVAILABILITY = YES_AGGRESSIVE;
				CLANG_WARN_UNREACHABLE_CODE = YES;
				CLANG_WARN__DUPLICATE_METHOD_MATCH = YES;
				COPY_PHASE_STRIP = NO;
				DEBUG_INFORMATION_FORMAT = "dwarf-with-dsym";
				ENABLE_NS_ASSERTIONS = NO;
				ENABLE_STRICT_OBJC_MSGSEND = YES;
				GCC_C_LANGUAGE_STANDARD = gnu11;
				GCC_NO_COMMON_BLOCKS = YES;
				GCC_WARN_64_TO_32_BIT_CONVERSION = YES;
				GCC_WARN_ABOUT_RETURN_TYPE = YES_ERROR;
				GCC_WARN_UNDECLARED_SELECTOR = YES;
				GCC_WARN_UNINITIALIZED_AUTOS = YES_AGGRESSIVE;
				GCC_WARN_UNUSED_FUNCTION = YES;
				GCC_WARN_UNUSED_VARIABLE = YES;
				IPHONEOS_DEPLOYMENT_TARGET = 16.4;
				MTL_ENABLE_DEBUG_INFO = NO;
				MTL_FAST_MATH = YES;
				SDKROOT = iphoneos;
				SWIFT_COMPILATION_MODE = wholemodule;
				SWIFT_OPTIMIZATION_LEVEL = "-O";
				VALIDATE_PRODUCT = YES;
			};
			name = Release;
		};
		7DCE491629DE021500A38EC9 /* Debug */ = {
			isa = XCBuildConfiguration;
			buildSettings = {
				ASSETCATALOG_COMPILER_APPICON_NAME = AppIcon;
				ASSETCATALOG_COMPILER_GLOBAL_ACCENT_COLOR_NAME = AccentColor;
				CODE_SIGN_STYLE = Automatic;
				CURRENT_PROJECT_VERSION = 1;
				DEVELOPMENT_ASSET_PATHS = "\"ConsoleControl/Preview Content\"";
				DEVELOPMENT_TEAM = UV9T3V6SYB;
				ENABLE_PREVIEWS = YES;
				GENERATE_INFOPLIST_FILE = YES;
				INFOPLIST_KEY_UIApplicationSceneManifest_Generation = YES;
				INFOPLIST_KEY_UIApplicationSupportsIndirectInputEvents = YES;
				INFOPLIST_KEY_UILaunchScreen_Generation = YES;
				INFOPLIST_KEY_UISupportedInterfaceOrientations_iPad = "UIInterfaceOrientationPortrait UIInterfaceOrientationPortraitUpsideDown UIInterfaceOrientationLandscapeLeft UIInterfaceOrientationLandscapeRight";
				INFOPLIST_KEY_UISupportedInterfaceOrientations_iPhone = "UIInterfaceOrientationPortrait UIInterfaceOrientationLandscapeLeft UIInterfaceOrientationLandscapeRight";
				LD_RUNPATH_SEARCH_PATHS = (
					"$(inherited)",
					"@executable_path/Frameworks",
				);
				MARKETING_VERSION = 1.0;
				PRODUCT_BUNDLE_IDENTIFIER = pro100org.ConsoleControl;
				PRODUCT_NAME = "$(TARGET_NAME)";
				SWIFT_EMIT_LOC_STRINGS = YES;
				SWIFT_VERSION = 5.0;
				TARGETED_DEVICE_FAMILY = "1,2";
			};
			name = Debug;
		};
		7DCE491729DE021500A38EC9 /* Release */ = {
			isa = XCBuildConfiguration;
			buildSettings = {
				ASSETCATALOG_COMPILER_APPICON_NAME = AppIcon;
				ASSETCATALOG_COMPILER_GLOBAL_ACCENT_COLOR_NAME = AccentColor;
				CODE_SIGN_STYLE = Automatic;
				CURRENT_PROJECT_VERSION = 1;
				DEVELOPMENT_ASSET_PATHS = "\"ConsoleControl/Preview Content\"";
				DEVELOPMENT_TEAM = UV9T3V6SYB;
				ENABLE_PREVIEWS = YES;
				GENERATE_INFOPLIST_FILE = YES;
				INFOPLIST_KEY_UIApplicationSceneManifest_Generation = YES;
				INFOPLIST_KEY_UIApplicationSupportsIndirectInputEvents = YES;
				INFOPLIST_KEY_UILaunchScreen_Generation = YES;
				INFOPLIST_KEY_UISupportedInterfaceOrientations_iPad = "UIInterfaceOrientationPortrait UIInterfaceOrientationPortraitUpsideDown UIInterfaceOrientationLandscapeLeft UIInterfaceOrientationLandscapeRight";
				INFOPLIST_KEY_UISupportedInterfaceOrientations_iPhone = "UIInterfaceOrientationPortrait UIInterfaceOrientationLandscapeLeft UIInterfaceOrientationLandscapeRight";
				LD_RUNPATH_SEARCH_PATHS = (
					"$(inherited)",
					"@executable_path/Frameworks",
				);
				MARKETING_VERSION = 1.0;
				PRODUCT_BUNDLE_IDENTIFIER = pro100org.ConsoleControl;
				PRODUCT_NAME = "$(TARGET_NAME)";
				SWIFT_EMIT_LOC_STRINGS = YES;
				SWIFT_VERSION = 5.0;
				TARGETED_DEVICE_FAMILY = "1,2";
			};
			name = Release;
		};
/* End XCBuildConfiguration section */

/* Begin XCConfigurationList section */
		7DCE490229DE021400A38EC9 /* Build configuration list for PBXProject "ConsoleControl" */ = {
			isa = XCConfigurationList;
			buildConfigurations = (
				7DCE491329DE021500A38EC9 /* Debug */,
				7DCE491429DE021500A38EC9 /* Release */,
			);
			defaultConfigurationIsVisible = 0;
			defaultConfigurationName = Release;
		};
		7DCE491529DE021500A38EC9 /* Build configuration list for PBXNativeTarget "ConsoleControl" */ = {
			isa = XCConfigurationList;
			buildConfigurations = (
				7DCE491629DE021500A38EC9 /* Debug */,
				7DCE491729DE021500A38EC9 /* Release */,
			);
			defaultConfigurationIsVisible = 0;
			defaultConfigurationName = Release;
		};
/* End XCConfigurationList section */
	};
	rootObject = 7DCE48FF29DE021400A38EC9 /* Project object */;
}
